
Microsoft Visual Studio Solution File, Format Version 12.00
Project("{FAE04EC0-301F-11D3-BF4B-00C04F79EFBC}") = "GitHubActionsSample.Api", "src\GitHubActionsSample.Api\GitHubActionsSample.Api.csproj", "{E679BA14-7A0A-4FA5-A199-96F788DF59EA}"
EndProject
Project("{FAE04EC0-301F-11D3-BF4B-00C04F79EFBC}") = "GitHubActionsSample.Package", "packages\GitHubActionsSample.Package\GitHubActionsSample.Package.csproj", "{607D44E4-5A36-4ED7-9C00-2E195FEC5E7D}"
EndProject
Project("{FAE04EC0-301F-11D3-BF4B-00C04F79EFBC}") = "GitHubActionsSample.Api.Tests", "tests\GitHubActionsSample.Api.Tests\GitHubActionsSample.Api.Tests.csproj", "{7B78D71A-F33D-4A0C-AB99-379E5F31C2E5}"
EndProject
Project("{2150E333-8FDC-42A3-9474-1A3956D46DE8}") = "src", "src", "{8DD052FC-1CFC-46EC-A7F6-734725A92733}"
EndProject
Project("{2150E333-8FDC-42A3-9474-1A3956D46DE8}") = "tests", "tests", "{BB685C5F-4BEE-4E76-9007-7F1B8E846C3C}"
EndProject
Project("{2150E333-8FDC-42A3-9474-1A3956D46DE8}") = "packages", "packages", "{DEF66065-10E9-4197-ADC3-C56244C28BDF}"
EndProject
Project("{FAE04EC0-301F-11D3-BF4B-00C04F79EFBC}") = "GitHubActionsSample.Package.Tests", "tests\GitHubActionsSample.Package.Tests\GitHubActionsSample.Package.Tests.csproj", "{C0E3340D-88DD-4C9D-A802-FA3CCEDFB1F8}"
EndProject
Global
	GlobalSection(SolutionConfigurationPlatforms) = preSolution
		Debug|Any CPU = Debug|Any CPU
		Release|Any CPU = Release|Any CPU
	EndGlobalSection
	GlobalSection(ProjectConfigurationPlatforms) = postSolution
		{E679BA14-7A0A-4FA5-A199-96F788DF59EA}.Debug|Any CPU.ActiveCfg = Debug|Any CPU
		{E679BA14-7A0A-4FA5-A199-96F788DF59EA}.Debug|Any CPU.Build.0 = Debug|Any CPU
		{E679BA14-7A0A-4FA5-A199-96F788DF59EA}.Release|Any CPU.ActiveCfg = Release|Any CPU
		{E679BA14-7A0A-4FA5-A199-96F788DF59EA}.Release|Any CPU.Build.0 = Release|Any CPU
		{607D44E4-5A36-4ED7-9C00-2E195FEC5E7D}.Debug|Any CPU.ActiveCfg = Debug|Any CPU
		{607D44E4-5A36-4ED7-9C00-2E195FEC5E7D}.Debug|Any CPU.Build.0 = Debug|Any CPU
		{607D44E4-5A36-4ED7-9C00-2E195FEC5E7D}.Release|Any CPU.ActiveCfg = Release|Any CPU
		{607D44E4-5A36-4ED7-9C00-2E195FEC5E7D}.Release|Any CPU.Build.0 = Release|Any CPU
		{7B78D71A-F33D-4A0C-AB99-379E5F31C2E5}.Debug|Any CPU.ActiveCfg = Debug|Any CPU
		{7B78D71A-F33D-4A0C-AB99-379E5F31C2E5}.Debug|Any CPU.Build.0 = Debug|Any CPU
		{7B78D71A-F33D-4A0C-AB99-379E5F31C2E5}.Release|Any CPU.ActiveCfg = Release|Any CPU
		{7B78D71A-F33D-4A0C-AB99-379E5F31C2E5}.Release|Any CPU.Build.0 = Release|Any CPU
		{C0E3340D-88DD-4C9D-A802-FA3CCEDFB1F8}.Debug|Any CPU.ActiveCfg = Debug|Any CPU
		{C0E3340D-88DD-4C9D-A802-FA3CCEDFB1F8}.Debug|Any CPU.Build.0 = Debug|Any CPU
		{C0E3340D-88DD-4C9D-A802-FA3CCEDFB1F8}.Release|Any CPU.ActiveCfg = Release|Any CPU
		{C0E3340D-88DD-4C9D-A802-FA3CCEDFB1F8}.Release|Any CPU.Build.0 = Release|Any CPU
	EndGlobalSection
	GlobalSection(NestedProjects) = preSolution
		{E679BA14-7A0A-4FA5-A199-96F788DF59EA} = {8DD052FC-1CFC-46EC-A7F6-734725A92733}
		{7B78D71A-F33D-4A0C-AB99-379E5F31C2E5} = {BB685C5F-4BEE-4E76-9007-7F1B8E846C3C}
		{607D44E4-5A36-4ED7-9C00-2E195FEC5E7D} = {DEF66065-10E9-4197-ADC3-C56244C28BDF}
		{C0E3340D-88DD-4C9D-A802-FA3CCEDFB1F8} = {BB685C5F-4BEE-4E76-9007-7F1B8E846C3C}
	EndGlobalSection
EndGlobal
